
Microsoft Visual Studio Solution File, Format Version 12.00
# Visual Studio Version 16
VisualStudioVersion = 16.0.30907.101
MinimumVisualStudioVersion = 10.0.40219.1
Project("{FAE04EC0-301F-11D3-BF4B-00C04F79EFBC}") = "API", "API\API.csproj", "{02E01691-52E5-4B0B-AD0D-7F032E16EDDC}"
EndProject
Global
	GlobalSection(SolutionConfigurationPlatforms) = preSolution
		Debug|Any CPU = Debug|Any CPU
		Release|Any CPU = Release|Any CPU
	EndGlobalSection
	GlobalSection(ProjectConfigurationPlatforms) = postSolution
		{02E01691-52E5-4B0B-AD0D-7F032E16EDDC}.Debug|Any CPU.ActiveCfg = Debug|Any CPU
		{02E01691-52E5-4B0B-AD0D-7F032E16EDDC}.Debug|Any CPU.Build.0 = Debug|Any CPU
		{02E01691-52E5-4B0B-AD0D-7F032E16EDDC}.Release|Any CPU.ActiveCfg = Release|Any CPU
		{02E01691-52E5-4B0B-AD0D-7F032E16EDDC}.Release|Any CPU.Build.0 = Release|Any CPU
	EndGlobalSection
	GlobalSection(SolutionProperties) = preSolution
		HideSolutionNode = FALSE
	EndGlobalSection
	GlobalSection(ExtensibilityGlobals) = postSolution
		SolutionGuid = {4B67B8BD-7159-447A-AD96-0BD6103547A1}
	EndGlobalSection
EndGlobal
